{
    "version": 3,
    "terraform_version": "0.11.7",
    "serial": 12,
    "lineage": "46827c3e-afec-0d44-5053-6bfdd696757d",
    "modules": [
        {
            "path": [
                "root"
            ],
            "outputs": {},
            "resources": {
                "aws_ami_from_instance.wp_golden": {
                    "type": "aws_ami_from_instance",
                    "depends_on": [
                        "aws_instance.appserver"
                    ],
                    "primary": {
                        "id": "ami-e9676e96",
                        "attributes": {
                            "architecture": "x86_64",
                            "description": "",
                            "ebs_block_device.#": "1",
                            "ebs_block_device.2828431406.delete_on_termination": "true",
                            "ebs_block_device.2828431406.device_name": "/dev/sda1",
                            "ebs_block_device.2828431406.encrypted": "false",
                            "ebs_block_device.2828431406.iops": "0",
                            "ebs_block_device.2828431406.snapshot_id": "snap-0e22a85950bb25f0e",
                            "ebs_block_device.2828431406.volume_size": "8",
                            "ebs_block_device.2828431406.volume_type": "gp2",
                            "ephemeral_block_device.#": "2",
                            "ephemeral_block_device.3710187412.device_name": "/dev/sdc",
                            "ephemeral_block_device.3710187412.virtual_name": "ephemeral1",
                            "ephemeral_block_device.430514000.device_name": "/dev/sdb",
                            "ephemeral_block_device.430514000.virtual_name": "ephemeral0",
                            "id": "ami-e9676e96",
                            "image_location": "039096978268/wp_ami_app",
                            "kernel_id": "",
                            "manage_ebs_snapshots": "true",
                            "name": "wp_ami_app",
                            "ramdisk_id": "",
                            "root_device_name": "/dev/sda1",
                            "root_snapshot_id": "snap-0e22a85950bb25f0e",
                            "source_instance_id": "i-0f4581767c2c367b7",
                            "sriov_net_support": "simple",
                            "tags.%": "0",
                            "virtualization_type": "hvm"
                        },
                        "meta": {
                            "e2bfb730-ecaa-11e6-8f88-34363bc7c4c0": {
                                "create": 2400000000000,
                                "delete": 5400000000000,
                                "update": 2400000000000
                            }
                        },
                        "tainted": false
                    },
                    "deposed": [],
                    "provider": "provider.aws"
                },
                "aws_autoscaling_group.wp_asg": {
                    "type": "aws_autoscaling_group",
                    "depends_on": [
                        "aws_elb.wp_elb",
                        "aws_launch_configuration.wp_lc",
                        "aws_subnet.wp_private1_subnet",
                        "aws_subnet.wp_public1_subnet"
                    ],
                    "primary": {
                        "id": "tf-asg-20180727031442904800000002",
                        "attributes": {
                            "arn": "arn:aws:autoscaling:us-east-1:039096978268:autoScalingGroup:83bbc33b-9bea-4b8e-83a8-70f1c4b14851:autoScalingGroupName/tf-asg-20180727031442904800000002",
                            "availability_zones.#": "1",
                            "availability_zones.3569565595": "us-east-1a",
                            "default_cooldown": "300",
                            "desired_capacity": "2",
                            "enabled_metrics.#": "0",
                            "force_delete": "false",
                            "health_check_grace_period": "300",
                            "health_check_type": "EC2",
                            "id": "tf-asg-20180727031442904800000002",
                            "launch_configuration": "wp_lc-20180727031439794700000001",
                            "launch_template.#": "0",
                            "load_balancers.#": "1",
                            "load_balancers.2956172511": "newbalancer-elb",
                            "max_size": "4",
                            "metrics_granularity": "1Minute",
                            "min_size": "2",
                            "name": "tf-asg-20180727031442904800000002",
                            "placement_group": "",
                            "protect_from_scale_in": "false",
                            "service_linked_role_arn": "arn:aws:iam::039096978268:role/aws-service-role/autoscaling.amazonaws.com/AWSServiceRoleForAutoScaling",
                            "suspended_processes.#": "0",
                            "tags.#": "1",
                            "tags.0.%": "3",
                            "tags.0.key": "Name",
                            "tags.0.propagate_at_launch": "1",
                            "tags.0.value": "prod1",
                            "target_group_arns.#": "0",
                            "termination_policies.#": "0",
                            "vpc_zone_identifier.#": "2",
                            "vpc_zone_identifier.2316477119": "subnet-44d0930e",
                            "vpc_zone_identifier.427961773": "subnet-6fd19225",
                            "wait_for_capacity_timeout": "10m"
                        },
                        "meta": {
                            "e2bfb730-ecaa-11e6-8f88-34363bc7c4c0": {
                                "delete": 600000000000
                            }
                        },
                        "tainted": false
                    },
                    "deposed": [],
                    "provider": "provider.aws"
                },
                "aws_autoscaling_policy.cpu_policy": {
                    "type": "aws_autoscaling_policy",
                    "depends_on": [
                        "aws_autoscaling_group.wp_asg"
                    ],
                    "primary": {
                        "id": "CpuPolicy",
                        "attributes": {
                            "adjustment_type": "ChangeInCapacity",
                            "arn": "arn:aws:autoscaling:us-east-1:039096978268:scalingPolicy:f4a6ff22-666b-4911-a726-e5f3e8190a1b:autoScalingGroupName/tf-asg-20180727031442904800000002:policyName/CpuPolicy",
                            "autoscaling_group_name": "tf-asg-20180727031442904800000002",
                            "cooldown": "300",
                            "estimated_instance_warmup": "0",
                            "id": "CpuPolicy",
                            "metric_aggregation_type": "",
                            "min_adjustment_step": "0",
                            "name": "CpuPolicy",
                            "policy_type": "SimpleScaling",
                            "scaling_adjustment": "1",
                            "step_adjustment.#": "0",
                            "target_tracking_configuration.#": "0"
                        },
                        "meta": {},
                        "tainted": false
                    },
                    "deposed": [],
                    "provider": "provider.aws"
                },
                "aws_autoscaling_policy.policy_down": {
                    "type": "aws_autoscaling_policy",
                    "depends_on": [
                        "aws_autoscaling_group.wp_asg"
                    ],
                    "primary": {
                        "id": "downPolicy",
                        "attributes": {
                            "adjustment_type": "ChangeInCapacity",
                            "arn": "arn:aws:autoscaling:us-east-1:039096978268:scalingPolicy:5bf314bb-4666-4b50-808b-771b04683dce:autoScalingGroupName/tf-asg-20180727031442904800000002:policyName/downPolicy",
                            "autoscaling_group_name": "tf-asg-20180727031442904800000002",
                            "cooldown": "300",
                            "estimated_instance_warmup": "0",
                            "id": "downPolicy",
                            "metric_aggregation_type": "",
                            "min_adjustment_step": "0",
                            "name": "downPolicy",
                            "policy_type": "SimpleScaling",
                            "scaling_adjustment": "-1",
                            "step_adjustment.#": "0",
                            "target_tracking_configuration.#": "0"
                        },
                        "meta": {},
                        "tainted": false
                    },
                    "deposed": [],
                    "provider": "provider.aws"
                },
                "aws_cloudwatch_metric_alarm.monitor_cpu": {
                    "type": "aws_cloudwatch_metric_alarm",
                    "depends_on": [
                        "aws_autoscaling_group.wp_asg",
                        "aws_autoscaling_policy.cpu_policy"
                    ],
                    "primary": {
                        "id": "cpuwatch-asg",
                        "attributes": {
                            "actions_enabled": "true",
                            "alarm_actions.#": "1",
                            "alarm_actions.4147000677": "arn:aws:autoscaling:us-east-1:039096978268:scalingPolicy:f4a6ff22-666b-4911-a726-e5f3e8190a1b:autoScalingGroupName/tf-asg-20180727031442904800000002:policyName/CpuPolicy",
                            "alarm_description": "",
                            "alarm_name": "cpuwatch-asg",
                            "comparison_operator": "LessThanOrEqualToThreshold",
                            "datapoints_to_alarm": "0",
                            "dimensions.%": "1",
                            "dimensions.AutoScalingGroupName": "tf-asg-20180727031442904800000002",
                            "evaluate_low_sample_count_percentiles": "",
                            "evaluation_periods": "3",
                            "extended_statistic": "",
                            "id": "cpuwatch-asg",
                            "insufficient_data_actions.#": "0",
                            "metric_name": "CPUUtilization",
                            "namespace": "AWSec2",
                            "ok_actions.#": "0",
                            "period": "120",
                            "statistic": "Average",
                            "threshold": "50",
                            "treat_missing_data": "missing",
                            "unit": ""
                        },
                        "meta": {
                            "schema_version": "1"
                        },
                        "tainted": false
                    },
                    "deposed": [],
                    "provider": "provider.aws"
                },
                "aws_cloudwatch_metric_alarm.monitor_down": {
                    "type": "aws_cloudwatch_metric_alarm",
                    "depends_on": [
                        "aws_autoscaling_group.wp_asg",
                        "aws_autoscaling_policy.cpu_policy"
                    ],
                    "primary": {
                        "id": "downwatch-asg",
                        "attributes": {
                            "actions_enabled": "true",
                            "alarm_actions.#": "1",
                            "alarm_actions.4147000677": "arn:aws:autoscaling:us-east-1:039096978268:scalingPolicy:f4a6ff22-666b-4911-a726-e5f3e8190a1b:autoScalingGroupName/tf-asg-20180727031442904800000002:policyName/CpuPolicy",
                            "alarm_description": "",
                            "alarm_name": "downwatch-asg",
                            "comparison_operator": "LessThanOrEqualToThreshold",
                            "datapoints_to_alarm": "0",
                            "dimensions.%": "1",
                            "dimensions.AutoScalingGroupName": "tf-asg-20180727031442904800000002",
                            "evaluate_low_sample_count_percentiles": "",
                            "evaluation_periods": "2",
                            "extended_statistic": "",
                            "id": "downwatch-asg",
                            "insufficient_data_actions.#": "0",
                            "metric_name": "CPUUtilization",
                            "namespace": "AWSec2",
                            "ok_actions.#": "0",
                            "period": "120",
                            "statistic": "Average",
                            "threshold": "10",
                            "treat_missing_data": "missing",
                            "unit": ""
                        },
                        "meta": {
                            "schema_version": "1"
                        },
                        "tainted": false
                    },
                    "deposed": [],
                    "provider": "provider.aws"
                },
                "aws_eip.nat": {
                    "type": "aws_eip",
                    "depends_on": [],
                    "primary": {
                        "id": "eipalloc-201ff72b",
                        "attributes": {
                            "association_id": "eipassoc-82151b58",
                            "domain": "vpc",
                            "id": "eipalloc-201ff72b",
                            "instance": "",
                            "network_interface": "eni-4ac5572d",
                            "private_ip": "10.0.2.54",
                            "public_ip": "52.4.139.10",
                            "tags.%": "1",
                            "tags.Name": "wp_nateip",
                            "vpc": "true"
                        },
                        "meta": {
                            "e2bfb730-ecaa-11e6-8f88-34363bc7c4c0": {
                                "delete": 180000000000,
                                "read": 900000000000,
                                "update": 300000000000
                            }
                        },
                        "tainted": false
                    },
                    "deposed": [],
                    "provider": "provider.aws"
                },
                "aws_elb.wp_elb": {
                    "type": "aws_elb",
                    "depends_on": [
                        "aws_security_group.wp_sg",
                        "aws_subnet.wp_public1_subnet"
                    ],
                    "primary": {
                        "id": "newbalancer-elb",
                        "attributes": {
                            "access_logs.#": "0",
                            "arn": "arn:aws:elasticloadbalancing:us-east-1:039096978268:loadbalancer/newbalancer-elb",
                            "availability_zones.#": "1",
                            "availability_zones.3569565595": "us-east-1a",
                            "connection_draining": "true",
                            "connection_draining_timeout": "400",
                            "cross_zone_load_balancing": "true",
                            "dns_name": "newbalancer-elb-190445896.us-east-1.elb.amazonaws.com",
                            "health_check.#": "1",
                            "health_check.0.healthy_threshold": "2",
                            "health_check.0.interval": "30",
                            "health_check.0.target": "TCP:5000",
                            "health_check.0.timeout": "3",
                            "health_check.0.unhealthy_threshold": "2",
                            "id": "newbalancer-elb",
                            "idle_timeout": "400",
                            "instances.#": "2",
                            "instances.10832407": "i-09729a15234400973",
                            "instances.3983140781": "i-0ee7c81be017d2945",
                            "internal": "false",
                            "listener.#": "1",
                            "listener.1555635263.instance_port": "5000",
                            "listener.1555635263.instance_protocol": "tcp",
                            "listener.1555635263.lb_port": "80",
                            "listener.1555635263.lb_protocol": "tcp",
                            "listener.1555635263.ssl_certificate_id": "",
                            "name": "newbalancer-elb",
                            "security_groups.#": "1",
                            "security_groups.3357303234": "sg-7d285237",
                            "source_security_group": "039096978268/wp_sg",
                            "source_security_group_id": "sg-7d285237",
                            "subnets.#": "1",
                            "subnets.2316477119": "subnet-44d0930e",
                            "tags.%": "1",
                            "tags.Name": "wp_elb_new",
                            "zone_id": "Z35SXDOTRQ7X7K"
                        },
                        "meta": {},
                        "tainted": false
                    },
                    "deposed": [],
                    "provider": "provider.aws"
                },
                "aws_instance.appserver": {
                    "type": "aws_instance",
                    "depends_on": [
                        "aws_key_pair.mykey",
                        "aws_security_group.wp_sg",
                        "aws_subnet.wp_public1_subnet"
                    ],
                    "primary": {
                        "id": "i-0f4581767c2c367b7",
                        "attributes": {
                            "ami": "ami-759bc50a",
                            "associate_public_ip_address": "true",
                            "availability_zone": "us-east-1a",
                            "cpu_core_count": "1",
                            "cpu_threads_per_core": "1",
                            "credit_specification.#": "1",
                            "credit_specification.0.cpu_credits": "standard",
                            "disable_api_termination": "false",
                            "ebs_block_device.#": "0",
                            "ebs_optimized": "false",
                            "ephemeral_block_device.#": "0",
                            "get_password_data": "false",
                            "iam_instance_profile": "",
                            "id": "i-0f4581767c2c367b7",
                            "instance_state": "running",
                            "instance_type": "t2.micro",
                            "ipv6_addresses.#": "0",
                            "key_name": "mykey",
                            "monitoring": "false",
                            "network_interface.#": "0",
                            "network_interface_id": "eni-63cf5d04",
                            "password_data": "",
                            "placement_group": "",
                            "primary_network_interface_id": "eni-63cf5d04",
                            "private_dns": "ip-10-0-1-250.ec2.internal",
                            "private_ip": "10.0.1.250",
                            "public_dns": "ec2-18-212-245-185.compute-1.amazonaws.com",
                            "public_ip": "18.212.245.185",
                            "root_block_device.#": "1",
                            "root_block_device.0.delete_on_termination": "true",
                            "root_block_device.0.iops": "100",
                            "root_block_device.0.volume_id": "vol-0d545e38fbf1d1e5d",
                            "root_block_device.0.volume_size": "8",
                            "root_block_device.0.volume_type": "gp2",
                            "security_groups.#": "0",
                            "source_dest_check": "true",
                            "subnet_id": "subnet-44d0930e",
                            "tags.%": "1",
                            "tags.Name": "Prod",
                            "tenancy": "default",
                            "volume_tags.%": "0",
                            "vpc_security_group_ids.#": "1",
                            "vpc_security_group_ids.3357303234": "sg-7d285237"
                        },
                        "meta": {
                            "e2bfb730-ecaa-11e6-8f88-34363bc7c4c0": {
                                "create": 600000000000,
                                "delete": 1200000000000,
                                "update": 600000000000
                            },
                            "schema_version": "1"
                        },
                        "tainted": false
                    },
                    "deposed": [],
                    "provider": "provider.aws"
                },
                "aws_internet_gateway.wp_internet_gateway": {
                    "type": "aws_internet_gateway",
                    "depends_on": [
                        "aws_vpc.wp_vpc"
                    ],
                    "primary": {
                        "id": "igw-19340961",
                        "attributes": {
                            "id": "igw-19340961",
                            "tags.%": "1",
                            "tags.Name": "wp_igw",
                            "vpc_id": "vpc-78af6202"
                        },
                        "meta": {},
                        "tainted": false
                    },
                    "deposed": [],
                    "provider": "provider.aws"
                },
                "aws_key_pair.mykey": {
                    "type": "aws_key_pair",
                    "depends_on": [],
                    "primary": {
                        "id": "mykey",
                        "attributes": {
                            "fingerprint": "01:41:5f:40:9b:ba:5c:79:dd:5d:4a:b1:f0:0c:ba:13",
                            "id": "mykey",
                            "key_name": "mykey",
                            "public_key": "ssh-rsa AAAAB3NzaC1yc2EAAAADAQABAAABAQC9cA7OPrEmAZk7Y+b7NAibZhK3UvphttK8Xmz4+SJO6nA69Sv4KPs+8B2MWuEMauyUPzg9cT6HyFgdLYCzD6G/ETdklAwKWtNtgclZpg1kYMSGy/xPg7Y6V6ZLZQLUsbCfXKRuCrdKGcr2bIcUS/7iii7hqHA6EfFr6I5JCwHLYrLVXUUIkrer5ybiH48QirJqjU0/PPQBIpFsf9W3VdfDs6hquphvNVE0lEEHDYtR4Za72kjS1v8HC4cK2DN+0GSiNbe5U0ThPEqZZrkDAdUdmVYEWTTFh69SLRnyYkiCeeokkQSYVvHV81Et9XemPJDPWF3horJVtT1Mb0cNdi/T root@ip-172-31-26-121"
                        },
                        "meta": {
                            "schema_version": "1"
                        },
                        "tainted": false
                    },
                    "deposed": [],
                    "provider": "provider.aws"
                },
                "aws_launch_configuration.wp_lc": {
                    "type": "aws_launch_configuration",
                    "depends_on": [
                        "aws_ami_from_instance.wp_golden",
                        "aws_key_pair.mykey",
                        "aws_security_group.wp_sg"
                    ],
                    "primary": {
                        "id": "wp_lc-20180727031439794700000001",
                        "attributes": {
                            "associate_public_ip_address": "false",
                            "ebs_block_device.#": "0",
                            "ebs_optimized": "false",
                            "enable_monitoring": "true",
                            "ephemeral_block_device.#": "0",
                            "iam_instance_profile": "",
                            "id": "wp_lc-20180727031439794700000001",
                            "image_id": "ami-e9676e96",
                            "instance_type": "t2.micro",
                            "key_name": "mykey",
                            "name": "wp_lc-20180727031439794700000001",
                            "name_prefix": "wp_lc-",
                            "root_block_device.#": "0",
                            "security_groups.#": "1",
                            "security_groups.3357303234": "sg-7d285237",
                            "spot_price": "",
                            "vpc_classic_link_id": "",
                            "vpc_classic_link_security_groups.#": "0"
                        },
                        "meta": {},
                        "tainted": false
                    },
                    "deposed": [],
                    "provider": "provider.aws"
                },
                "aws_nat_gateway.wp_private_ngw": {
                    "type": "aws_nat_gateway",
                    "depends_on": [
                        "aws_eip.nat",
                        "aws_subnet.wp_private1_subnet"
                    ],
                    "primary": {
                        "id": "nat-002b446cf5a7ff278",
                        "attributes": {
                            "allocation_id": "eipalloc-201ff72b",
                            "id": "nat-002b446cf5a7ff278",
                            "network_interface_id": "eni-4ac5572d",
                            "private_ip": "10.0.2.54",
                            "public_ip": "52.4.139.10",
                            "subnet_id": "subnet-6fd19225",
                            "tags.%": "1",
                            "tags.Name": "wp_natgw"
                        },
                        "meta": {},
                        "tainted": false
                    },
                    "deposed": [],
                    "provider": "provider.aws"
                },
                "aws_route_table.wp_private_rt": {
                    "type": "aws_route_table",
                    "depends_on": [
                        "aws_nat_gateway.wp_private_ngw",
                        "aws_vpc.wp_vpc"
                    ],
                    "primary": {
                        "id": "rtb-0f305d70",
                        "attributes": {
                            "id": "rtb-0f305d70",
                            "propagating_vgws.#": "0",
                            "route.#": "1",
                            "route.2440238988.cidr_block": "0.0.0.0/0",
                            "route.2440238988.egress_only_gateway_id": "",
                            "route.2440238988.gateway_id": "",
                            "route.2440238988.instance_id": "",
                            "route.2440238988.ipv6_cidr_block": "",
                            "route.2440238988.nat_gateway_id": "nat-002b446cf5a7ff278",
                            "route.2440238988.network_interface_id": "",
                            "route.2440238988.vpc_peering_connection_id": "",
                            "tags.%": "1",
                            "tags.Name": "wp_private",
                            "vpc_id": "vpc-78af6202"
                        },
                        "meta": {},
                        "tainted": false
                    },
                    "deposed": [],
                    "provider": "provider.aws"
                },
                "aws_route_table.wp_public_rt": {
                    "type": "aws_route_table",
                    "depends_on": [
                        "aws_internet_gateway.wp_internet_gateway",
                        "aws_vpc.wp_vpc"
                    ],
                    "primary": {
                        "id": "rtb-87214cf8",
                        "attributes": {
                            "id": "rtb-87214cf8",
                            "propagating_vgws.#": "0",
                            "route.#": "1",
                            "route.1895283208.cidr_block": "0.0.0.0/0",
                            "route.1895283208.egress_only_gateway_id": "",
                            "route.1895283208.gateway_id": "igw-19340961",
                            "route.1895283208.instance_id": "",
                            "route.1895283208.ipv6_cidr_block": "",
                            "route.1895283208.nat_gateway_id": "",
                            "route.1895283208.network_interface_id": "",
                            "route.1895283208.vpc_peering_connection_id": "",
                            "tags.%": "1",
                            "tags.Name": "wp_public",
                            "vpc_id": "vpc-78af6202"
                        },
                        "meta": {},
                        "tainted": false
                    },
                    "deposed": [],
                    "provider": "provider.aws"
                },
                "aws_route_table_association.wp_public1_assoc": {
                    "type": "aws_route_table_association",
                    "depends_on": [
                        "aws_route_table.wp_public_rt",
                        "aws_subnet.wp_public1_subnet"
                    ],
                    "primary": {
                        "id": "rtbassoc-f70ba189",
                        "attributes": {
                            "id": "rtbassoc-f70ba189",
                            "route_table_id": "rtb-87214cf8",
                            "subnet_id": "subnet-44d0930e"
                        },
                        "meta": {},
                        "tainted": false
                    },
                    "deposed": [],
                    "provider": "provider.aws"
                },
                "aws_security_group.wp_sg": {
                    "type": "aws_security_group",
                    "depends_on": [
                        "aws_vpc.wp_vpc"
                    ],
                    "primary": {
                        "id": "sg-7d285237",
                        "attributes": {
                            "arn": "arn:aws:ec2:us-east-1:039096978268:security-group/sg-7d285237",
                            "description": "used for elastic load balancer for public",
                            "egress.#": "1",
                            "egress.482069346.cidr_blocks.#": "1",
                            "egress.482069346.cidr_blocks.0": "0.0.0.0/0",
                            "egress.482069346.description": "",
                            "egress.482069346.from_port": "0",
                            "egress.482069346.ipv6_cidr_blocks.#": "0",
                            "egress.482069346.prefix_list_ids.#": "0",
                            "egress.482069346.protocol": "-1",
                            "egress.482069346.security_groups.#": "0",
                            "egress.482069346.self": "false",
                            "egress.482069346.to_port": "0",
                            "id": "sg-7d285237",
                            "ingress.#": "3",
                            "ingress.204302321.cidr_blocks.#": "1",
                            "ingress.204302321.cidr_blocks.0": "10.0.1.0/24",
                            "ingress.204302321.description": "",
                            "ingress.204302321.from_port": "5000",
                            "ingress.204302321.ipv6_cidr_blocks.#": "0",
                            "ingress.204302321.protocol": "tcp",
                            "ingress.204302321.security_groups.#": "0",
                            "ingress.204302321.self": "false",
                            "ingress.204302321.to_port": "5000",
                            "ingress.2214680975.cidr_blocks.#": "1",
                            "ingress.2214680975.cidr_blocks.0": "0.0.0.0/0",
                            "ingress.2214680975.description": "",
                            "ingress.2214680975.from_port": "80",
                            "ingress.2214680975.ipv6_cidr_blocks.#": "0",
                            "ingress.2214680975.protocol": "tcp",
                            "ingress.2214680975.security_groups.#": "0",
                            "ingress.2214680975.self": "false",
                            "ingress.2214680975.to_port": "80",
                            "ingress.2541437006.cidr_blocks.#": "1",
                            "ingress.2541437006.cidr_blocks.0": "0.0.0.0/0",
                            "ingress.2541437006.description": "",
                            "ingress.2541437006.from_port": "22",
                            "ingress.2541437006.ipv6_cidr_blocks.#": "0",
                            "ingress.2541437006.protocol": "tcp",
                            "ingress.2541437006.security_groups.#": "0",
                            "ingress.2541437006.self": "false",
                            "ingress.2541437006.to_port": "22",
                            "name": "wp_sg",
                            "owner_id": "039096978268",
                            "revoke_rules_on_delete": "false",
                            "tags.%": "0",
                            "vpc_id": "vpc-78af6202"
                        },
                        "meta": {
                            "e2bfb730-ecaa-11e6-8f88-34363bc7c4c0": {
                                "create": 600000000000,
                                "delete": 600000000000
                            },
                            "schema_version": "1"
                        },
                        "tainted": false
                    },
                    "deposed": [],
                    "provider": "provider.aws"
                },
                "aws_subnet.wp_private1_subnet": {
                    "type": "aws_subnet",
                    "depends_on": [
                        "aws_vpc.wp_vpc",
                        "data.aws_availability_zones.available"
                    ],
                    "primary": {
                        "id": "subnet-6fd19225",
                        "attributes": {
                            "assign_ipv6_address_on_creation": "false",
                            "availability_zone": "us-east-1a",
                            "cidr_block": "10.0.2.0/24",
                            "id": "subnet-6fd19225",
                            "map_public_ip_on_launch": "false",
                            "tags.%": "1",
                            "tags.Name": "wp_private1",
                            "vpc_id": "vpc-78af6202"
                        },
                        "meta": {
                            "schema_version": "1"
                        },
                        "tainted": false
                    },
                    "deposed": [],
                    "provider": "provider.aws"
                },
                "aws_subnet.wp_public1_subnet": {
                    "type": "aws_subnet",
                    "depends_on": [
                        "aws_vpc.wp_vpc",
                        "data.aws_availability_zones.available"
                    ],
                    "primary": {
                        "id": "subnet-44d0930e",
                        "attributes": {
                            "assign_ipv6_address_on_creation": "false",
                            "availability_zone": "us-east-1a",
                            "cidr_block": "10.0.1.0/24",
                            "id": "subnet-44d0930e",
                            "map_public_ip_on_launch": "true",
                            "tags.%": "1",
                            "tags.Name": "wp_public1",
                            "vpc_id": "vpc-78af6202"
                        },
                        "meta": {
                            "schema_version": "1"
                        },
                        "tainted": false
                    },
                    "deposed": [],
                    "provider": "provider.aws"
                },
                "aws_vpc.wp_vpc": {
                    "type": "aws_vpc",
                    "depends_on": [],
                    "primary": {
                        "id": "vpc-78af6202",
                        "attributes": {
                            "arn": "arn:aws:ec2:us-east-1:039096978268:vpc/vpc-78af6202",
                            "assign_generated_ipv6_cidr_block": "false",
                            "cidr_block": "10.0.0.0/16",
                            "default_network_acl_id": "acl-ca794cb0",
                            "default_route_table_id": "rtb-3a3d5045",
                            "default_security_group_id": "sg-ff3248b5",
                            "dhcp_options_id": "dopt-d46058b0",
                            "enable_classiclink": "false",
                            "enable_classiclink_dns_support": "false",
                            "enable_dns_hostnames": "true",
                            "enable_dns_support": "true",
                            "id": "vpc-78af6202",
                            "instance_tenancy": "default",
                            "main_route_table_id": "rtb-3a3d5045",
                            "tags.%": "1",
                            "tags.Name": "wp_vpc"
                        },
                        "meta": {
                            "schema_version": "1"
                        },
                        "tainted": false
                    },
                    "deposed": [],
                    "provider": "provider.aws"
                },
                "data.aws_availability_zones.available": {
                    "type": "aws_availability_zones",
                    "depends_on": [],
                    "primary": {
                        "id": "2018-07-27 03:38:57.112018255 +0000 UTC",
                        "attributes": {
                            "id": "2018-07-27 03:38:57.112018255 +0000 UTC",
                            "names.#": "6",
                            "names.0": "us-east-1a",
                            "names.1": "us-east-1b",
                            "names.2": "us-east-1c",
                            "names.3": "us-east-1d",
                            "names.4": "us-east-1e",
                            "names.5": "us-east-1f"
                        },
                        "meta": {},
                        "tainted": false
                    },
                    "deposed": [],
                    "provider": "provider.aws"
                }
            },
            "depends_on": []
        }
    ]
}
